
Microsoft Visual Studio Solution File, Format Version 12.00
# Visual Studio Version 17
VisualStudioVersion = 17.14.36301.6
MinimumVisualStudioVersion = 10.0.40219.1
Project("{FAE04EC0-301F-11D3-BF4B-00C04F79EFBC}") = "CCSMDataManager", "CCSMDataManager\CCSMDataManager.csproj", "{06C85ECF-C468-4716-A43F-B61B1B66F448}"
EndProject
Global
	GlobalSection(SolutionConfigurationPlatforms) = preSolution
		Debug|Any CPU = Debug|Any CPU
		Release|Any CPU = Release|Any CPU
	EndGlobalSection
	GlobalSection(ProjectConfigurationPlatforms) = postSolution
		{06C85ECF-C468-4716-A43F-B61B1B66F448}.Debug|Any CPU.ActiveCfg = Debug|Any CPU
		{06C85ECF-C468-4716-A43F-B61B1B66F448}.Debug|Any CPU.Build.0 = Debug|Any CPU
		{06C85ECF-C468-4716-A43F-B61B1B66F448}.Release|Any CPU.ActiveCfg = Release|Any CPU
		{06C85ECF-C468-4716-A43F-B61B1B66F448}.Release|Any CPU.Build.0 = Release|Any CPU
	EndGlobalSection
	GlobalSection(SolutionProperties) = preSolution
		HideSolutionNode = FALSE
	EndGlobalSection
	GlobalSection(ExtensibilityGlobals) = postSolution
		SolutionGuid = {4C51A25A-B00C-4A3D-960B-CF61BDEDE030}
	EndGlobalSection
EndGlobal
